
Microsoft Visual Studio Solution File, Format Version 12.00
# Visual Studio Version 17
VisualStudioVersion = 17.13.35617.110
MinimumVisualStudioVersion = 10.0.40219.1
Project("{8BC9CEB8-8B4A-11D0-8D11-00A0C91BC942}") = "Misc", "Misc\Misc.vcxitems", "{1B01067E-B4D6-4308-A1D5-455E90ADC2CE}"
EndProject
Project("{8BC9CEB8-8B4A-11D0-8D11-00A0C91BC942}") = "o3d", "o3d\o3d.vcxproj", "{9183EF6B-DCAA-447F-B71E-8B43C5FE1BDD}"
EndProject
Global
	GlobalSection(SolutionConfigurationPlatforms) = preSolution
		Debug|x64 = Debug|x64
		Release|x64 = Release|x64
	EndGlobalSection
	GlobalSection(ProjectConfigurationPlatforms) = postSolution
		{9183EF6B-DCAA-447F-B71E-8B43C5FE1BDD}.Debug|x64.ActiveCfg = Debug|x64
		{9183EF6B-DCAA-447F-B71E-8B43C5FE1BDD}.Debug|x64.Build.0 = Debug|x64
		{9183EF6B-DCAA-447F-B71E-8B43C5FE1BDD}.Release|x64.ActiveCfg = Release|x64
		{9183EF6B-DCAA-447F-B71E-8B43C5FE1BDD}.Release|x64.Build.0 = Release|x64
	EndGlobalSection
	GlobalSection(SolutionProperties) = preSolution
		HideSolutionNode = FALSE
	EndGlobalSection
	GlobalSection(ExtensibilityGlobals) = postSolution
		SolutionGuid = {B71E7F7B-A3BD-4691-88AA-5FC53A90C1B8}
	EndGlobalSection
EndGlobal
