<?xml version="1.0" encoding="utf-8"?>
<Project ToolsVersion="4.0" xmlns="http://schemas.microsoft.com/developer/msbuild/2003">
  <ItemGroup>
    <ClCompile Include="..\..\code\main.cpp" />
    <ClCompile Include="..\..\extern\glad\src\glad.c">
      <Filter>extern\glad</Filter>
    </ClCompile>
    <ClCompile Include="..\..\code\graphics\ebo.cpp">
      <Filter>graphics</Filter>
    </ClCompile>
    <ClCompile Include="..\..\code\graphics\shader.cpp">
      <Filter>graphics</Filter>
    </ClCompile>
    <ClCompile Include="..\..\code\graphics\vao.cpp">
      <Filter>graphics</Filter>
    </ClCompile>
    <ClCompile Include="..\..\code\graphics\vbo.cpp">
      <Filter>graphics</Filter>
    </ClCompile>
  </ItemGroup>
  <ItemGroup>
    <Filter Include="extern">
      <UniqueIdentifier>{59b3f95e-718e-446f-b1f5-eb2b97c6a945}</UniqueIdentifier>
    </Filter>
    <Filter Include="extern\glad">
      <UniqueIdentifier>{21662a5a-fa19-44b5-91b2-beeaae90ea3c}</UniqueIdentifier>
    </Filter>
    <Filter Include="extern\GLFW">
      <UniqueIdentifier>{67970b8e-ae31-4bc8-85d0-a045cb555799}</UniqueIdentifier>
    </Filter>
    <Filter Include="shaders">
      <UniqueIdentifier>{8d26d4d1-1536-4a58-b24c-e3228e51054d}</UniqueIdentifier>
    </Filter>
    <Filter Include="graphics">
      <UniqueIdentifier>{7e4a3ce3-cbde-417f-9efa-c8ef9ff4e88d}</UniqueIdentifier>
    </Filter>
    <Filter Include="extern\stb">
      <UniqueIdentifier>{7db2cbcc-eec0-45e1-a5d5-eba4fe93bd51}</UniqueIdentifier>
    </Filter>
  </ItemGroup>
  <ItemGroup>
    <ClInclude Include="..\..\extern\glad\include\glad\glad.h">
      <Filter>extern\glad</Filter>
    </ClInclude>
    <ClInclude Include="..\..\extern\glad\include\KHR\khrplatform.h">
      <Filter>extern\glad</Filter>
    </ClInclude>
    <ClInclude Include="..\..\extern\glfw-3.4.bin.WIN64\include\GLFW\glfw3native.h">
      <Filter>extern\GLFW</Filter>
    </ClInclude>
    <ClInclude Include="..\..\extern\glfw-3.4.bin.WIN64\include\GLFW\glfw3.h">
      <Filter>extern\GLFW</Filter>
    </ClInclude>
    <ClInclude Include="..\..\code\log.h" />
    <ClInclude Include="..\..\code\common.h" />
    <ClInclude Include="..\..\code\graphics\ebo.h">
      <Filter>graphics</Filter>
    </ClInclude>
    <ClInclude Include="..\..\code\graphics\shader.h">
      <Filter>graphics</Filter>
    </ClInclude>
    <ClInclude Include="..\..\code\graphics\vao.h">
      <Filter>graphics</Filter>
    </ClInclude>
    <ClInclude Include="..\..\code\graphics\vbo.h">
      <Filter>graphics</Filter>
    </ClInclude>
    <ClInclude Include="..\..\extern\stb\stb_image.h">
      <Filter>extern\stb</Filter>
    </ClInclude>
  </ItemGroup>
  <ItemGroup>
    <None Include="..\..\data\shaders\default.frag">
      <Filter>shaders</Filter>
    </None>
    <None Include="..\..\data\shaders\default.vert">
      <Filter>shaders</Filter>
    </None>
  </ItemGroup>
</Project>